// !$*UTF8*$!
{
	archiveVersion = 1;
	classes = {
	};
	objectVersion = 46;
	objects = {

/* Begin PBXBuildFile section */
		FA3FF99419F1311C0050D941 /* AppDelegate.swift in Sources */ = {isa = PBXBuildFile; fileRef = FA3FF99319F1311C0050D941 /* AppDelegate.swift */; };
		FA3FF99619F1311C0050D941 /* ViewController.swift in Sources */ = {isa = PBXBuildFile; fileRef = FA3FF99519F1311C0050D941 /* ViewController.swift */; };
		FA3FF99919F1311C0050D941 /* Main.storyboard in Resources */ = {isa = PBXBuildFile; fileRef = FA3FF99719F1311C0050D941 /* Main.storyboard */; };
		FA3FF99B19F1311C0050D941 /* Images.xcassets in Resources */ = {isa = PBXBuildFile; fileRef = FA3FF99A19F1311C0050D941 /* Images.xcassets */; };
		FA3FF99E19F1311C0050D941 /* LaunchScreen.xib in Resources */ = {isa = PBXBuildFile; fileRef = FA3FF99C19F1311C0050D941 /* LaunchScreen.xib */; };
		FA3FF9AA19F1311C0050D941 /* PostcardTests.swift in Sources */ = {isa = PBXBuildFile; fileRef = FA3FF9A919F1311C0050D941 /* PostcardTests.swift */; };
		FA3FF9B419F14BA80050D941 /* SagradaFamilia.jpeg in Resources */ = {isa = PBXBuildFile; fileRef = FA3FF9B319F14BA80050D941 /* SagradaFamilia.jpeg */; };
		FA3FF9B619F14E120050D941 /* AlbertEinsteinStamp.jpg in Resources */ = {isa = PBXBuildFile; fileRef = FA3FF9B519F14E120050D941 /* AlbertEinsteinStamp.jpg */; };
/* End PBXBuildFile section */

/* Begin PBXContainerItemProxy section */
		FA3FF9A419F1311C0050D941 /* PBXContainerItemProxy */ = {
			isa = PBXContainerItemProxy;
			containerPortal = FA3FF98619F1311C0050D941 /* Project object */;
			proxyType = 1;
			remoteGlobalIDString = FA3FF98D19F1311C0050D941;
			remoteInfo = Postcard;
		};
/* End PBXContainerItemProxy section */

/* Begin PBXFileReference section */
		FA3FF98E19F1311C0050D941 /* Postcard.app */ = {isa = PBXFileReference; explicitFileType = wrapper.application; includeInIndex = 0; path = Postcard.app; sourceTree = BUILT_PRODUCTS_DIR; };
		FA3FF99219F1311C0050D941 /* Info.plist */ = {isa = PBXFileReference; lastKnownFileType = text.plist.xml; path = Info.plist; sourceTree = "<group>"; };
		FA3FF99319F1311C0050D941 /* AppDelegate.swift */ = {isa = PBXFileReference; lastKnownFileType = sourcecode.swift; path = AppDelegate.swift; sourceTree = "<group>"; };
		FA3FF99519F1311C0050D941 /* ViewController.swift */ = {isa = PBXFileReference; lastKnownFileType = sourcecode.swift; path = ViewController.swift; sourceTree = "<group>"; };
		FA3FF99819F1311C0050D941 /* Base */ = {isa = PBXFileReference; lastKnownFileType = file.storyboard; name = Base; path = Base.lproj/Main.storyboard; sourceTree = "<group>"; };
		FA3FF99A19F1311C0050D941 /* Images.xcassets */ = {isa = PBXFileReference; lastKnownFileType = folder.assetcatalog; path = Images.xcassets; sourceTree = "<group>"; };
		FA3FF99D19F1311C0050D941 /* Base */ = {isa = PBXFileReference; lastKnownFileType = file.xib; name = Base; path = Base.lproj/LaunchScreen.xib; sourceTree = "<group>"; };
		FA3FF9A319F1311C0050D941 /* PostcardTests.xctest */ = {isa = PBXFileReference; explicitFileType = wrapper.cfbundle; includeInIndex = 0; path = PostcardTests.xctest; sourceTree = BUILT_PRODUCTS_DIR; };
		FA3FF9A819F1311C0050D941 /* Info.plist */ = {isa = PBXFileReference; lastKnownFileType = text.plist.xml; path = Info.plist; sourceTree = "<group>"; };
		FA3FF9A919F1311C0050D941 /* PostcardTests.swift */ = {isa = PBXFileReference; lastKnownFileType = sourcecode.swift; path = PostcardTests.swift; sourceTree = "<group>"; };
		FA3FF9B319F14BA80050D941 /* SagradaFamilia.jpeg */ = {isa = PBXFileReference; lastKnownFileType = image.jpeg; path = SagradaFamilia.jpeg; sourceTree = "<group>"; };
		FA3FF9B519F14E120050D941 /* AlbertEinsteinStamp.jpg */ = {isa = PBXFileReference; lastKnownFileType = image.jpeg; path = AlbertEinsteinStamp.jpg; sourceTree = "<group>"; };
/* End PBXFileReference section */

/* Begin PBXFrameworksBuildPhase section */
		FA3FF98B19F1311C0050D941 /* Frameworks */ = {
			isa = PBXFrameworksBuildPhase;
			buildActionMask = 2147483647;
			files = (
			);
			runOnlyForDeploymentPostprocessing = 0;
		};
		FA3FF9A019F1311C0050D941 /* Frameworks */ = {
			isa = PBXFrameworksBuildPhase;
			buildActionMask = 2147483647;
			files = (
			);
			runOnlyForDeploymentPostprocessing = 0;
		};
/* End PBXFrameworksBuildPhase section */

/* Begin PBXGroup section */
		FA3FF98519F1311C0050D941 = {
			isa = PBXGroup;
			children = (
				FA3FF99019F1311C0050D941 /* Postcard */,
				FA3FF9A619F1311C0050D941 /* PostcardTests */,
				FA3FF98F19F1311C0050D941 /* Products */,
			);
			sourceTree = "<group>";
		};
		FA3FF98F19F1311C0050D941 /* Products */ = {
			isa = PBXGroup;
			children = (
				FA3FF98E19F1311C0050D941 /* Postcard.app */,
				FA3FF9A319F1311C0050D941 /* PostcardTests.xctest */,
			);
			name = Products;
			sourceTree = "<group>";
		};
		FA3FF99019F1311C0050D941 /* Postcard */ = {
			isa = PBXGroup;
			children = (
				FA3FF99319F1311C0050D941 /* AppDelegate.swift */,
				FA3FF99519F1311C0050D941 /* ViewController.swift */,
				FA3FF99719F1311C0050D941 /* Main.storyboard */,
				FA3FF99A19F1311C0050D941 /* Images.xcassets */,
				FA3FF99C19F1311C0050D941 /* LaunchScreen.xib */,
				FA3FF99119F1311C0050D941 /* Supporting Files */,
			);
			path = Postcard;
			sourceTree = "<group>";
		};
		FA3FF99119F1311C0050D941 /* Supporting Files */ = {
			isa = PBXGroup;
			children = (
				FA3FF9B519F14E120050D941 /* AlbertEinsteinStamp.jpg */,
				FA3FF9B319F14BA80050D941 /* SagradaFamilia.jpeg */,
				FA3FF99219F1311C0050D941 /* Info.plist */,
			);
			name = "Supporting Files";
			sourceTree = "<group>";
		};
		FA3FF9A619F1311C0050D941 /* PostcardTests */ = {
			isa = PBXGroup;
			children = (
				FA3FF9A919F1311C0050D941 /* PostcardTests.swift */,
				FA3FF9A719F1311C0050D941 /* Supporting Files */,
			);
			path = PostcardTests;
			sourceTree = "<group>";
		};
		FA3FF9A719F1311C0050D941 /* Supporting Files */ = {
			isa = PBXGroup;
			children = (
				FA3FF9A819F1311C0050D941 /* Info.plist */,
			);
			name = "Supporting Files";
			sourceTree = "<group>";
		};
/* End PBXGroup section */

/* Begin PBXNativeTarget section */
		FA3FF98D19F1311C0050D941 /* Postcard */ = {
			isa = PBXNativeTarget;
			buildConfigurationList = FA3FF9AD19F1311C0050D941 /* Build configuration list for PBXNativeTarget "Postcard" */;
			buildPhases = (
				FA3FF98A19F1311C0050D941 /* Sources */,
				FA3FF98B19F1311C0050D941 /* Frameworks */,
				FA3FF98C19F1311C0050D941 /* Resources */,
			);
			buildRules = (
			);
			dependencies = (
			);
			name = Postcard;
			productName = Postcard;
			productReference = FA3FF98E19F1311C0050D941 /* Postcard.app */;
			productType = "com.apple.product-type.application";
		};
		FA3FF9A219F1311C0050D941 /* PostcardTests */ = {
			isa = PBXNativeTarget;
			buildConfigurationList = FA3FF9B019F1311C0050D941 /* Build configuration list for PBXNativeTarget "PostcardTests" */;
			buildPhases = (
				FA3FF99F19F1311C0050D941 /* Sources */,
				FA3FF9A019F1311C0050D941 /* Frameworks */,
				FA3FF9A119F1311C0050D941 /* Resources */,
			);
			buildRules = (
			);
			dependencies = (
				FA3FF9A519F1311C0050D941 /* PBXTargetDependency */,
			);
			name = PostcardTests;
			productName = PostcardTests;
			productReference = FA3FF9A319F1311C0050D941 /* PostcardTests.xctest */;
			productType = "com.apple.product-type.bundle.unit-test";
		};
/* End PBXNativeTarget section */

/* Begin PBXProject section */
		FA3FF98619F1311C0050D941 /* Project object */ = {
			isa = PBXProject;
			attributes = {
				LastUpgradeCheck = 0600;
				ORGANIZATIONNAME = Nicolas;
				TargetAttributes = {
					FA3FF98D19F1311C0050D941 = {
						CreatedOnToolsVersion = 6.0.1;
					};
					FA3FF9A219F1311C0050D941 = {
						CreatedOnToolsVersion = 6.0.1;
						TestTargetID = FA3FF98D19F1311C0050D941;
					};
				};
			};
			buildConfigurationList = FA3FF98919F1311C0050D941 /* Build configuration list for PBXProject "Postcard" */;
			compatibilityVersion = "Xcode 3.2";
			developmentRegion = English;
			hasScannedForEncodings = 0;
			knownRegions = (
				en,
				Base,
			);
			mainGroup = FA3FF98519F1311C0050D941;
			productRefGroup = FA3FF98F19F1311C0050D941 /* Products */;
			projectDirPath = "";
			projectRoot = "";
			targets = (
				FA3FF98D19F1311C0050D941 /* Postcard */,
				FA3FF9A219F1311C0050D941 /* PostcardTests */,
			);
		};
/* End PBXProject section */

/* Begin PBXResourcesBuildPhase section */
		FA3FF98C19F1311C0050D941 /* Resources */ = {
			isa = PBXResourcesBuildPhase;
			buildActionMask = 2147483647;
			files = (
				FA3FF99919F1311C0050D941 /* Main.storyboard in Resources */,
				FA3FF9B419F14BA80050D941 /* SagradaFamilia.jpeg in Resources */,
				FA3FF9B619F14E120050D941 /* AlbertEinsteinStamp.jpg in Resources */,
				FA3FF99E19F1311C0050D941 /* LaunchScreen.xib in Resources */,
				FA3FF99B19F1311C0050D941 /* Images.xcassets in Resources */,
			);
			runOnlyForDeploymentPostprocessing = 0;
		};
		FA3FF9A119F1311C0050D941 /* Resources */ = {
			isa = PBXResourcesBuildPhase;
			buildActionMask = 2147483647;
			files = (
			);
			runOnlyForDeploymentPostprocessing = 0;
		};
/* End PBXResourcesBuildPhase section */

/* Begin PBXSourcesBuildPhase section */
		FA3FF98A19F1311C0050D941 /* Sources */ = {
			isa = PBXSourcesBuildPhase;
			buildActionMask = 2147483647;
			files = (
				FA3FF99619F1311C0050D941 /* ViewController.swift in Sources */,
				FA3FF99419F1311C0050D941 /* AppDelegate.swift in Sources */,
			);
			runOnlyForDeploymentPostprocessing = 0;
		};
		FA3FF99F19F1311C0050D941 /* Sources */ = {
			isa = PBXSourcesBuildPhase;
			buildActionMask = 2147483647;
			files = (
				FA3FF9AA19F1311C0050D941 /* PostcardTests.swift in Sources */,
			);
			runOnlyForDeploymentPostprocessing = 0;
		};
/* End PBXSourcesBuildPhase section */

/* Begin PBXTargetDependency section */
		FA3FF9A519F1311C0050D941 /* PBXTargetDependency */ = {
			isa = PBXTargetDependency;
			target = FA3FF98D19F1311C0050D941 /* Postcard */;
			targetProxy = FA3FF9A419F1311C0050D941 /* PBXContainerItemProxy */;
		};
/* End PBXTargetDependency section */

/* Begin PBXVariantGroup section */
		FA3FF99719F1311C0050D941 /* Main.storyboard */ = {
			isa = PBXVariantGroup;
			children = (
				FA3FF99819F1311C0050D941 /* Base */,
			);
			name = Main.storyboard;
			sourceTree = "<group>";
		};
		FA3FF99C19F1311C0050D941 /* LaunchScreen.xib */ = {
			isa = PBXVariantGroup;
			children = (
				FA3FF99D19F1311C0050D941 /* Base */,
			);
			name = LaunchScreen.xib;
			sourceTree = "<group>";
		};
/* End PBXVariantGroup section */

/* Begin XCBuildConfiguration section */
		FA3FF9AB19F1311C0050D941 /* Debug */ = {
			isa = XCBuildConfiguration;
			buildSettings = {
				ALWAYS_SEARCH_USER_PATHS = NO;
				CLANG_CXX_LANGUAGE_STANDARD = "gnu++0x";
				CLANG_CXX_LIBRARY = "libc++";
				CLANG_ENABLE_MODULES = YES;
				CLANG_ENABLE_OBJC_ARC = YES;
				CLANG_WARN_BOOL_CONVERSION = YES;
				CLANG_WARN_CONSTANT_CONVERSION = YES;
				CLANG_WARN_DIRECT_OBJC_ISA_USAGE = YES_ERROR;
				CLANG_WARN_EMPTY_BODY = YES;
				CLANG_WARN_ENUM_CONVERSION = YES;
				CLANG_WARN_INT_CONVERSION = YES;
				CLANG_WARN_OBJC_ROOT_CLASS = YES_ERROR;
				CLANG_WARN_UNREACHABLE_CODE = YES;
				CLANG_WARN__DUPLICATE_METHOD_MATCH = YES;
				"CODE_SIGN_IDENTITY[sdk=iphoneos*]" = "iPhone Developer";
				COPY_PHASE_STRIP = NO;
				ENABLE_STRICT_OBJC_MSGSEND = YES;
				GCC_C_LANGUAGE_STANDARD = gnu99;
				GCC_DYNAMIC_NO_PIC = NO;
				GCC_OPTIMIZATION_LEVEL = 0;
				GCC_PREPROCESSOR_DEFINITIONS = (
					"DEBUG=1",
					"$(inherited)",
				);
				GCC_SYMBOLS_PRIVATE_EXTERN = NO;
				GCC_WARN_64_TO_32_BIT_CONVERSION = YES;
				GCC_WARN_ABOUT_RETURN_TYPE = YES_ERROR;
				GCC_WARN_UNDECLARED_SELECTOR = YES;
				GCC_WARN_UNINITIALIZED_AUTOS = YES_AGGRESSIVE;
				GCC_WARN_UNUSED_FUNCTION = YES;
				GCC_WARN_UNUSED_VARIABLE = YES;
				IPHONEOS_DEPLOYMENT_TARGET = 8.0;
				MTL_ENABLE_DEBUG_INFO = YES;
				ONLY_ACTIVE_ARCH = YES;
				SDKROOT = iphoneos;
				SWIFT_OPTIMIZATION_LEVEL = "-Onone";
			};
			name = Debug;
		};
		FA3FF9AC19F1311C0050D941 /* Release */ = {
			isa = XCBuildConfiguration;
			buildSettings = {
				ALWAYS_SEARCH_USER_PATHS = NO;
				CLANG_CXX_LANGUAGE_STANDARD = "gnu++0x";
				CLANG_CXX_LIBRARY = "libc++";
				CLANG_ENABLE_MODULES = YES;
				CLANG_ENABLE_OBJC_ARC = YES;
				CLANG_WARN_BOOL_CONVERSION = YES;
				CLANG_WARN_CONSTANT_CONVERSION = YES;
				CLANG_WARN_DIRECT_OBJC_ISA_USAGE = YES_ERROR;
				CLANG_WARN_EMPTY_BODY = YES;
				CLANG_WARN_ENUM_CONVERSION = YES;
				CLANG_WARN_INT_CONVERSION = YES;
				CLANG_WARN_OBJC_ROOT_CLASS = YES_ERROR;
				CLANG_WARN_UNREACHABLE_CODE = YES;
				CLANG_WARN__DUPLICATE_METHOD_MATCH = YES;
				"CODE_SIGN_IDENTITY[sdk=iphoneos*]" = "iPhone Developer";
				COPY_PHASE_STRIP = YES;
				ENABLE_NS_ASSERTIONS = NO;
				ENABLE_STRICT_OBJC_MSGSEND = YES;
				GCC_C_LANGUAGE_STANDARD = gnu99;
				GCC_WARN_64_TO_32_BIT_CONVERSION = YES;
				GCC_WARN_ABOUT_RETURN_TYPE = YES_ERROR;
				GCC_WARN_UNDECLARED_SELECTOR = YES;
				GCC_WARN_UNINITIALIZED_AUTOS = YES_AGGRESSIVE;
				GCC_WARN_UNUSED_FUNCTION = YES;
				GCC_WARN_UNUSED_VARIABLE = YES;
				IPHONEOS_DEPLOYMENT_TARGET = 8.0;
				MTL_ENABLE_DEBUG_INFO = NO;
				SDKROOT = iphoneos;
				VALIDATE_PRODUCT = YES;
			};
			name = Release;
		};
		FA3FF9AE19F1311C0050D941 /* Debug */ = {
			isa = XCBuildConfiguration;
			buildSettings = {
				ASSETCATALOG_COMPILER_APPICON_NAME = AppIcon;
				CODE_SIGN_IDENTITY = "iPhone Developer";
				INFOPLIST_FILE = Postcard/Info.plist;
				LD_RUNPATH_SEARCH_PATHS = "$(inherited) @executable_path/Frameworks";
				PRODUCT_NAME = "$(TARGET_NAME)";
			};
			name = Debug;
		};
		FA3FF9AF19F1311C0050D941 /* Release */ = {
			isa = XCBuildConfiguration;
			buildSettings = {
				ASSETCATALOG_COMPILER_APPICON_NAME = AppIcon;
				CODE_SIGN_IDENTITY = "iPhone Developer";
				INFOPLIST_FILE = Postcard/Info.plist;
				LD_RUNPATH_SEARCH_PATHS = "$(inherited) @executable_path/Frameworks";
				PRODUCT_NAME = "$(TARGET_NAME)";
			};
			name = Release;
		};
		FA3FF9B119F1311C0050D941 /* Debug */ = {
			isa = XCBuildConfiguration;
			buildSettings = {
				BUNDLE_LOADER = "$(TEST_HOST)";
				FRAMEWORK_SEARCH_PATHS = (
					"$(SDKROOT)/Developer/Library/Frameworks",
					"$(inherited)",
				);
				GCC_PREPROCESSOR_DEFINITIONS = (
					"DEBUG=1",
					"$(inherited)",
				);
				INFOPLIST_FILE = PostcardTests/Info.plist;
				LD_RUNPATH_SEARCH_PATHS = "$(inherited) @executable_path/Frameworks @loader_path/Frameworks";
				PRODUCT_NAME = "$(TARGET_NAME)";
				TEST_HOST = "$(BUILT_PRODUCTS_DIR)/Postcard.app/Postcard";
			};
			name = Debug;
		};
		FA3FF9B219F1311C0050D941 /* Release */ = {
			isa = XCBuildConfiguration;
			buildSettings = {
				BUNDLE_LOADER = "$(TEST_HOST)";
				FRAMEWORK_SEARCH_PATHS = (
					"$(SDKROOT)/Developer/Library/Frameworks",
					"$(inherited)",
				);
				INFOPLIST_FILE = PostcardTests/Info.plist;
				LD_RUNPATH_SEARCH_PATHS = "$(inherited) @executable_path/Frameworks @loader_path/Frameworks";
				PRODUCT_NAME = "$(TARGET_NAME)";
				TEST_HOST = "$(BUILT_PRODUCTS_DIR)/Postcard.app/Postcard";
			};
			name = Release;
		};
/* End XCBuildConfiguration section */

/* Begin XCConfigurationList section */
		FA3FF98919F1311C0050D941 /* Build configuration list for PBXProject "Postcard" */ = {
			isa = XCConfigurationList;
			buildConfigurations = (
				FA3FF9AB19F1311C0050D941 /* Debug */,
				FA3FF9AC19F1311C0050D941 /* Release */,
			);
			defaultConfigurationIsVisible = 0;
			defaultConfigurationName = Release;
		};
		FA3FF9AD19F1311C0050D941 /* Build configuration list for PBXNativeTarget "Postcard" */ = {
			isa = XCConfigurationList;
			buildConfigurations = (
				FA3FF9AE19F1311C0050D941 /* Debug */,
				FA3FF9AF19F1311C0050D941 /* Release */,
			);
			defaultConfigurationIsVisible = 0;
		};
		FA3FF9B019F1311C0050D941 /* Build configuration list for PBXNativeTarget "PostcardTests" */ = {
			isa = XCConfigurationList;
			buildConfigurations = (
				FA3FF9B119F1311C0050D941 /* Debug */,
				FA3FF9B219F1311C0050D941 /* Release */,
			);
			defaultConfigurationIsVisible = 0;
		};
/* End XCConfigurationList section */
	};
	rootObject = FA3FF98619F1311C0050D941 /* Project object */;
}
